
Microsoft Visual Studio Solution File, Format Version 12.00
# Visual Studio Version 17
VisualStudioVersion = 17.5.33516.290
MinimumVisualStudioVersion = 10.0.40219.1
Project("{FAE04EC0-301F-11D3-BF4B-00C04F79EFBC}") = "Examen_Unidad2_DiseñoApps_FAOG.Android", "Examen_Unidad2_DiseñoApps_FAOG.Android\Examen_Unidad2_DiseñoApps_FAOG.Android.csproj", "{C4707430-111D-43F1-8233-80C5EF35BB65}"
EndProject
Project("{FAE04EC0-301F-11D3-BF4B-00C04F79EFBC}") = "Examen_Unidad2_DiseñoApps_FAOG.iOS", "Examen_Unidad2_DiseñoApps_FAOG.iOS\Examen_Unidad2_DiseñoApps_FAOG.iOS.csproj", "{2F51B68C-6EE6-47C0-85AD-22A7015635F6}"
EndProject
Project("{FAE04EC0-301F-11D3-BF4B-00C04F79EFBC}") = "Examen_Unidad2_DiseñoApps_FAOG", "Examen_Unidad2_DiseñoApps_FAOG\Examen_Unidad2_DiseñoApps_FAOG.csproj", "{3CBCD1D2-6327-41D7-9AC3-383F46E11F07}"
EndProject
Global
	GlobalSection(SolutionConfigurationPlatforms) = preSolution
		Debug|Any CPU = Debug|Any CPU
		Debug|iPhone = Debug|iPhone
		Debug|iPhoneSimulator = Debug|iPhoneSimulator
		Release|Any CPU = Release|Any CPU
		Release|iPhone = Release|iPhone
		Release|iPhoneSimulator = Release|iPhoneSimulator
	EndGlobalSection
	GlobalSection(ProjectConfigurationPlatforms) = postSolution
		{C4707430-111D-43F1-8233-80C5EF35BB65}.Debug|Any CPU.ActiveCfg = Debug|Any CPU
		{C4707430-111D-43F1-8233-80C5EF35BB65}.Debug|Any CPU.Build.0 = Debug|Any CPU
		{C4707430-111D-43F1-8233-80C5EF35BB65}.Debug|Any CPU.Deploy.0 = Debug|Any CPU
		{C4707430-111D-43F1-8233-80C5EF35BB65}.Debug|iPhone.ActiveCfg = Debug|Any CPU
		{C4707430-111D-43F1-8233-80C5EF35BB65}.Debug|iPhone.Build.0 = Debug|Any CPU
		{C4707430-111D-43F1-8233-80C5EF35BB65}.Debug|iPhone.Deploy.0 = Debug|Any CPU
		{C4707430-111D-43F1-8233-80C5EF35BB65}.Debug|iPhoneSimulator.ActiveCfg = Debug|Any CPU
		{C4707430-111D-43F1-8233-80C5EF35BB65}.Debug|iPhoneSimulator.Build.0 = Debug|Any CPU
		{C4707430-111D-43F1-8233-80C5EF35BB65}.Debug|iPhoneSimulator.Deploy.0 = Debug|Any CPU
		{C4707430-111D-43F1-8233-80C5EF35BB65}.Release|Any CPU.ActiveCfg = Release|Any CPU
		{C4707430-111D-43F1-8233-80C5EF35BB65}.Release|Any CPU.Build.0 = Release|Any CPU
		{C4707430-111D-43F1-8233-80C5EF35BB65}.Release|Any CPU.Deploy.0 = Release|Any CPU
		{C4707430-111D-43F1-8233-80C5EF35BB65}.Release|iPhone.ActiveCfg = Release|Any CPU
		{C4707430-111D-43F1-8233-80C5EF35BB65}.Release|iPhone.Build.0 = Release|Any CPU
		{C4707430-111D-43F1-8233-80C5EF35BB65}.Release|iPhone.Deploy.0 = Release|Any CPU
		{C4707430-111D-43F1-8233-80C5EF35BB65}.Release|iPhoneSimulator.ActiveCfg = Release|Any CPU
		{C4707430-111D-43F1-8233-80C5EF35BB65}.Release|iPhoneSimulator.Build.0 = Release|Any CPU
		{C4707430-111D-43F1-8233-80C5EF35BB65}.Release|iPhoneSimulator.Deploy.0 = Release|Any CPU
		{2F51B68C-6EE6-47C0-85AD-22A7015635F6}.Debug|Any CPU.ActiveCfg = Debug|iPhone
		{2F51B68C-6EE6-47C0-85AD-22A7015635F6}.Debug|Any CPU.Build.0 = Debug|iPhone
		{2F51B68C-6EE6-47C0-85AD-22A7015635F6}.Debug|Any CPU.Deploy.0 = Debug|iPhone
		{2F51B68C-6EE6-47C0-85AD-22A7015635F6}.Debug|iPhone.ActiveCfg = Debug|iPhone
		{2F51B68C-6EE6-47C0-85AD-22A7015635F6}.Debug|iPhone.Build.0 = Debug|iPhone
		{2F51B68C-6EE6-47C0-85AD-22A7015635F6}.Debug|iPhone.Deploy.0 = Debug|iPhone
		{2F51B68C-6EE6-47C0-85AD-22A7015635F6}.Debug|iPhoneSimulator.ActiveCfg = Debug|iPhoneSimulator
		{2F51B68C-6EE6-47C0-85AD-22A7015635F6}.Debug|iPhoneSimulator.Build.0 = Debug|iPhoneSimulator
		{2F51B68C-6EE6-47C0-85AD-22A7015635F6}.Debug|iPhoneSimulator.Deploy.0 = Debug|iPhoneSimulator
		{2F51B68C-6EE6-47C0-85AD-22A7015635F6}.Release|Any CPU.ActiveCfg = Release|iPhoneSimulator
		{2F51B68C-6EE6-47C0-85AD-22A7015635F6}.Release|Any CPU.Build.0 = Release|iPhoneSimulator
		{2F51B68C-6EE6-47C0-85AD-22A7015635F6}.Release|Any CPU.Deploy.0 = Release|iPhoneSimulator
		{2F51B68C-6EE6-47C0-85AD-22A7015635F6}.Release|iPhone.ActiveCfg = Release|iPhone
		{2F51B68C-6EE6-47C0-85AD-22A7015635F6}.Release|iPhone.Build.0 = Release|iPhone
		{2F51B68C-6EE6-47C0-85AD-22A7015635F6}.Release|iPhone.Deploy.0 = Release|iPhone
		{2F51B68C-6EE6-47C0-85AD-22A7015635F6}.Release|iPhoneSimulator.ActiveCfg = Release|iPhoneSimulator
		{2F51B68C-6EE6-47C0-85AD-22A7015635F6}.Release|iPhoneSimulator.Build.0 = Release|iPhoneSimulator
		{2F51B68C-6EE6-47C0-85AD-22A7015635F6}.Release|iPhoneSimulator.Deploy.0 = Release|iPhoneSimulator
		{3CBCD1D2-6327-41D7-9AC3-383F46E11F07}.Debug|Any CPU.ActiveCfg = Debug|Any CPU
		{3CBCD1D2-6327-41D7-9AC3-383F46E11F07}.Debug|Any CPU.Build.0 = Debug|Any CPU
		{3CBCD1D2-6327-41D7-9AC3-383F46E11F07}.Debug|Any CPU.Deploy.0 = Debug|Any CPU
		{3CBCD1D2-6327-41D7-9AC3-383F46E11F07}.Debug|iPhone.ActiveCfg = Debug|Any CPU
		{3CBCD1D2-6327-41D7-9AC3-383F46E11F07}.Debug|iPhone.Build.0 = Debug|Any CPU
		{3CBCD1D2-6327-41D7-9AC3-383F46E11F07}.Debug|iPhone.Deploy.0 = Debug|Any CPU
		{3CBCD1D2-6327-41D7-9AC3-383F46E11F07}.Debug|iPhoneSimulator.ActiveCfg = Debug|Any CPU
		{3CBCD1D2-6327-41D7-9AC3-383F46E11F07}.Debug|iPhoneSimulator.Build.0 = Debug|Any CPU
		{3CBCD1D2-6327-41D7-9AC3-383F46E11F07}.Debug|iPhoneSimulator.Deploy.0 = Debug|Any CPU
		{3CBCD1D2-6327-41D7-9AC3-383F46E11F07}.Release|Any CPU.ActiveCfg = Release|Any CPU
		{3CBCD1D2-6327-41D7-9AC3-383F46E11F07}.Release|Any CPU.Build.0 = Release|Any CPU
		{3CBCD1D2-6327-41D7-9AC3-383F46E11F07}.Release|Any CPU.Deploy.0 = Release|Any CPU
		{3CBCD1D2-6327-41D7-9AC3-383F46E11F07}.Release|iPhone.ActiveCfg = Release|Any CPU
		{3CBCD1D2-6327-41D7-9AC3-383F46E11F07}.Release|iPhone.Build.0 = Release|Any CPU
		{3CBCD1D2-6327-41D7-9AC3-383F46E11F07}.Release|iPhone.Deploy.0 = Release|Any CPU
		{3CBCD1D2-6327-41D7-9AC3-383F46E11F07}.Release|iPhoneSimulator.ActiveCfg = Release|Any CPU
		{3CBCD1D2-6327-41D7-9AC3-383F46E11F07}.Release|iPhoneSimulator.Build.0 = Release|Any CPU
		{3CBCD1D2-6327-41D7-9AC3-383F46E11F07}.Release|iPhoneSimulator.Deploy.0 = Release|Any CPU
	EndGlobalSection
	GlobalSection(SolutionProperties) = preSolution
		HideSolutionNode = FALSE
	EndGlobalSection
	GlobalSection(ExtensibilityGlobals) = postSolution
		SolutionGuid = {9D4E21F1-0ADE-4DBA-8235-E677F0BCA530}
	EndGlobalSection
EndGlobal
